
Microsoft Visual Studio Solution File, Format Version 12.00
# Visual Studio Version 17
VisualStudioVersion = 17.2.32526.322
MinimumVisualStudioVersion = 10.0.40219.1
Project("{9A19103F-16F7-4668-BE54-9A1E7A4F7556}") = "FrameworkData", "FrameworkData\FrameworkData.csproj", "{94DAE4D0-A30D-40BA-A920-C4546E4EE53C}"
EndProject
Project("{9A19103F-16F7-4668-BE54-9A1E7A4F7556}") = "Bussiness", "Bussiness\Bussiness.csproj", "{1B5C6EDD-4EB7-424B-8CA2-09F4F4153417}"
EndProject
Project("{FAE04EC0-301F-11D3-BF4B-00C04F79EFBC}") = "WinFormsApp1", "WinFormsApp1\WinFormsApp1.csproj", "{8C7DA777-C4CB-46F5-B692-908D58D15AD1}"
EndProject
Global
	GlobalSection(SolutionConfigurationPlatforms) = preSolution
		Debug|Any CPU = Debug|Any CPU
		Release|Any CPU = Release|Any CPU
	EndGlobalSection
	GlobalSection(ProjectConfigurationPlatforms) = postSolution
		{94DAE4D0-A30D-40BA-A920-C4546E4EE53C}.Debug|Any CPU.ActiveCfg = Debug|Any CPU
		{94DAE4D0-A30D-40BA-A920-C4546E4EE53C}.Debug|Any CPU.Build.0 = Debug|Any CPU
		{94DAE4D0-A30D-40BA-A920-C4546E4EE53C}.Release|Any CPU.ActiveCfg = Release|Any CPU
		{94DAE4D0-A30D-40BA-A920-C4546E4EE53C}.Release|Any CPU.Build.0 = Release|Any CPU
		{1B5C6EDD-4EB7-424B-8CA2-09F4F4153417}.Debug|Any CPU.ActiveCfg = Debug|Any CPU
		{1B5C6EDD-4EB7-424B-8CA2-09F4F4153417}.Debug|Any CPU.Build.0 = Debug|Any CPU
		{1B5C6EDD-4EB7-424B-8CA2-09F4F4153417}.Release|Any CPU.ActiveCfg = Release|Any CPU
		{1B5C6EDD-4EB7-424B-8CA2-09F4F4153417}.Release|Any CPU.Build.0 = Release|Any CPU
		{8C7DA777-C4CB-46F5-B692-908D58D15AD1}.Debug|Any CPU.ActiveCfg = Debug|Any CPU
		{8C7DA777-C4CB-46F5-B692-908D58D15AD1}.Debug|Any CPU.Build.0 = Debug|Any CPU
		{8C7DA777-C4CB-46F5-B692-908D58D15AD1}.Release|Any CPU.ActiveCfg = Release|Any CPU
		{8C7DA777-C4CB-46F5-B692-908D58D15AD1}.Release|Any CPU.Build.0 = Release|Any CPU
	EndGlobalSection
	GlobalSection(SolutionProperties) = preSolution
		HideSolutionNode = FALSE
	EndGlobalSection
	GlobalSection(ExtensibilityGlobals) = postSolution
		SolutionGuid = {A5CD274B-D636-4640-AC64-B0474C9EC27F}
	EndGlobalSection
EndGlobal
